
Microsoft Visual Studio Solution File, Format Version 12.00
# Visual Studio Version 17
VisualStudioVersion = 17.2.32602.215
MinimumVisualStudioVersion = 10.0.40219.1
Project("{FAE04EC0-301F-11D3-BF4B-00C04F79EFBC}") = "ListaProdutos", "ListaProdutos\ListaProdutos.csproj", "{BEB1E083-9689-469D-8ADD-F82A8DA23D29}"
EndProject
Global
	GlobalSection(SolutionConfigurationPlatforms) = preSolution
		Debug|Any CPU = Debug|Any CPU
		Release|Any CPU = Release|Any CPU
	EndGlobalSection
	GlobalSection(ProjectConfigurationPlatforms) = postSolution
		{BEB1E083-9689-469D-8ADD-F82A8DA23D29}.Debug|Any CPU.ActiveCfg = Debug|Any CPU
		{BEB1E083-9689-469D-8ADD-F82A8DA23D29}.Debug|Any CPU.Build.0 = Debug|Any CPU
		{BEB1E083-9689-469D-8ADD-F82A8DA23D29}.Release|Any CPU.ActiveCfg = Release|Any CPU
		{BEB1E083-9689-469D-8ADD-F82A8DA23D29}.Release|Any CPU.Build.0 = Release|Any CPU
	EndGlobalSection
	GlobalSection(SolutionProperties) = preSolution
		HideSolutionNode = FALSE
	EndGlobalSection
	GlobalSection(ExtensibilityGlobals) = postSolution
		SolutionGuid = {9BF0A55E-293D-4375-9EAF-CBED9D987B1F}
	EndGlobalSection
EndGlobal
